
Microsoft Visual Studio Solution File, Format Version 12.00
Project("{FAE04EC0-301F-11D3-BF4B-00C04F79EFBC}") = "DistILL", "DistILL\DistILL.csproj", "{1D7AFD54-5DBB-4DA5-AAB3-14C3E9486E52}"
EndProject
Global
	GlobalSection(SolutionConfigurationPlatforms) = preSolution
		Debug|Any CPU = Debug|Any CPU
		Release|Any CPU = Release|Any CPU
	EndGlobalSection
	GlobalSection(ProjectConfigurationPlatforms) = postSolution
		{1D7AFD54-5DBB-4DA5-AAB3-14C3E9486E52}.Debug|Any CPU.ActiveCfg = Debug|Any CPU
		{1D7AFD54-5DBB-4DA5-AAB3-14C3E9486E52}.Debug|Any CPU.Build.0 = Debug|Any CPU
		{1D7AFD54-5DBB-4DA5-AAB3-14C3E9486E52}.Release|Any CPU.ActiveCfg = Release|Any CPU
		{1D7AFD54-5DBB-4DA5-AAB3-14C3E9486E52}.Release|Any CPU.Build.0 = Release|Any CPU
	EndGlobalSection
EndGlobal
